// !$*UTF8*$!
{
	archiveVersion = 1;
	classes = {
	};
	objectVersion = 46;
	objects = {

/* Begin PBXBuildFile section */
		2C4CB4B4190DE153001E4E9B /* Foundation.framework in Frameworks */ = {isa = PBXBuildFile; fileRef = 2C4CB4B3190DE153001E4E9B /* Foundation.framework */; };
		2C4CB4B6190DE153001E4E9B /* CoreGraphics.framework in Frameworks */ = {isa = PBXBuildFile; fileRef = 2C4CB4B5190DE153001E4E9B /* CoreGraphics.framework */; };
		2C4CB4B8190DE153001E4E9B /* UIKit.framework in Frameworks */ = {isa = PBXBuildFile; fileRef = 2C4CB4B7190DE153001E4E9B /* UIKit.framework */; };
		2C4CB4BE190DE153001E4E9B /* InfoPlist.strings in Resources */ = {isa = PBXBuildFile; fileRef = 2C4CB4BC190DE153001E4E9B /* InfoPlist.strings */; };
		2C4CB4C0190DE153001E4E9B /* main.m in Sources */ = {isa = PBXBuildFile; fileRef = 2C4CB4BF190DE153001E4E9B /* main.m */; };
		2C4CB4C4190DE153001E4E9B /* AppDelegate.m in Sources */ = {isa = PBXBuildFile; fileRef = 2C4CB4C3190DE153001E4E9B /* AppDelegate.m */; };
		2C4CB4C7190DE153001E4E9B /* Main.storyboard in Resources */ = {isa = PBXBuildFile; fileRef = 2C4CB4C5190DE153001E4E9B /* Main.storyboard */; };
		2C4CB4CC190DE153001E4E9B /* Images.xcassets in Resources */ = {isa = PBXBuildFile; fileRef = 2C4CB4CB190DE153001E4E9B /* Images.xcassets */; };
		2C4CB4D3190DE153001E4E9B /* XCTest.framework in Frameworks */ = {isa = PBXBuildFile; fileRef = 2C4CB4D2190DE153001E4E9B /* XCTest.framework */; };
		2C4CB4D4190DE153001E4E9B /* Foundation.framework in Frameworks */ = {isa = PBXBuildFile; fileRef = 2C4CB4B3190DE153001E4E9B /* Foundation.framework */; };
		2C4CB4D5190DE153001E4E9B /* UIKit.framework in Frameworks */ = {isa = PBXBuildFile; fileRef = 2C4CB4B7190DE153001E4E9B /* UIKit.framework */; };
		2C4CB4DD190DE153001E4E9B /* InfoPlist.strings in Resources */ = {isa = PBXBuildFile; fileRef = 2C4CB4DB190DE153001E4E9B /* InfoPlist.strings */; };
		2C4CB4DF190DE153001E4E9B /* GroussageTests.m in Sources */ = {isa = PBXBuildFile; fileRef = 2C4CB4DE190DE153001E4E9B /* GroussageTests.m */; };
		2C4CB4EA190DE2C8001E4E9B /* GroupTableViewController.m in Sources */ = {isa = PBXBuildFile; fileRef = 2C4CB4E9190DE2C8001E4E9B /* GroupTableViewController.m */; };
		2C4CB4ED190DE30F001E4E9B /* GroupTableViewCell.m in Sources */ = {isa = PBXBuildFile; fileRef = 2C4CB4EC190DE30F001E4E9B /* GroupTableViewCell.m */; };
		2C4CB4F4190DEBFB001E4E9B /* GroupDetailViewController.m in Sources */ = {isa = PBXBuildFile; fileRef = 2C4CB4F3190DEBFB001E4E9B /* GroupDetailViewController.m */; };
		2C4CB4FD190DFF8C001E4E9B /* GroupAddViewController.m in Sources */ = {isa = PBXBuildFile; fileRef = 2C4CB4FC190DFF8C001E4E9B /* GroupAddViewController.m */; };
		2C50A6C5190F10BD00792253 /* GroupAdd.m in Sources */ = {isa = PBXBuildFile; fileRef = 2C50A6C4190F10BD00792253 /* GroupAdd.m */; };
		2C50A6C7190F2B2100792253 /* MobileCoreServices.framework in Frameworks */ = {isa = PBXBuildFile; fileRef = 2C50A6C6190F2B2100792253 /* MobileCoreServices.framework */; };
		38B1176A1916D980003B7A81 /* AddressBook-Info.plist in Resources */ = {isa = PBXBuildFile; fileRef = 38B117681916D980003B7A81 /* AddressBook-Info.plist */; };
		38B1176D1916D9A0003B7A81 /* MasterViewController.m in Sources */ = {isa = PBXBuildFile; fileRef = 38B1176C1916D9A0003B7A81 /* MasterViewController.m */; };
		38B117701916D9B1003B7A81 /* DetailViewController.m in Sources */ = {isa = PBXBuildFile; fileRef = 38B1176F1916D9B1003B7A81 /* DetailViewController.m */; };
/* End PBXBuildFile section */

/* Begin PBXContainerItemProxy section */
		2C4CB4D6190DE153001E4E9B /* PBXContainerItemProxy */ = {
			isa = PBXContainerItemProxy;
			containerPortal = 2C4CB4A8190DE153001E4E9B /* Project object */;
			proxyType = 1;
			remoteGlobalIDString = 2C4CB4AF190DE153001E4E9B;
			remoteInfo = Groussage;
		};
/* End PBXContainerItemProxy section */

/* Begin PBXFileReference section */
		2C4CB4B0190DE153001E4E9B /* Groussage.app */ = {isa = PBXFileReference; explicitFileType = wrapper.application; includeInIndex = 0; path = Groussage.app; sourceTree = BUILT_PRODUCTS_DIR; };
		2C4CB4B3190DE153001E4E9B /* Foundation.framework */ = {isa = PBXFileReference; lastKnownFileType = wrapper.framework; name = Foundation.framework; path = System/Library/Frameworks/Foundation.framework; sourceTree = SDKROOT; };
		2C4CB4B5190DE153001E4E9B /* CoreGraphics.framework */ = {isa = PBXFileReference; lastKnownFileType = wrapper.framework; name = CoreGraphics.framework; path = System/Library/Frameworks/CoreGraphics.framework; sourceTree = SDKROOT; };
		2C4CB4B7190DE153001E4E9B /* UIKit.framework */ = {isa = PBXFileReference; lastKnownFileType = wrapper.framework; name = UIKit.framework; path = System/Library/Frameworks/UIKit.framework; sourceTree = SDKROOT; };
		2C4CB4BB190DE153001E4E9B /* Groussage-Info.plist */ = {isa = PBXFileReference; lastKnownFileType = text.plist.xml; path = "Groussage-Info.plist"; sourceTree = "<group>"; };
		2C4CB4BD190DE153001E4E9B /* en */ = {isa = PBXFileReference; lastKnownFileType = text.plist.strings; name = en; path = en.lproj/InfoPlist.strings; sourceTree = "<group>"; };
		2C4CB4BF190DE153001E4E9B /* main.m */ = {isa = PBXFileReference; lastKnownFileType = sourcecode.c.objc; path = main.m; sourceTree = "<group>"; };
		2C4CB4C1190DE153001E4E9B /* Groussage-Prefix.pch */ = {isa = PBXFileReference; lastKnownFileType = sourcecode.c.h; path = "Groussage-Prefix.pch"; sourceTree = "<group>"; };
		2C4CB4C2190DE153001E4E9B /* AppDelegate.h */ = {isa = PBXFileReference; lastKnownFileType = sourcecode.c.h; path = AppDelegate.h; sourceTree = "<group>"; };
		2C4CB4C3190DE153001E4E9B /* AppDelegate.m */ = {isa = PBXFileReference; lastKnownFileType = sourcecode.c.objc; path = AppDelegate.m; sourceTree = "<group>"; };
		2C4CB4C6190DE153001E4E9B /* Base */ = {isa = PBXFileReference; lastKnownFileType = file.storyboard; name = Base; path = Base.lproj/Main.storyboard; sourceTree = "<group>"; };
		2C4CB4CB190DE153001E4E9B /* Images.xcassets */ = {isa = PBXFileReference; lastKnownFileType = folder.assetcatalog; path = Images.xcassets; sourceTree = "<group>"; };
		2C4CB4D1190DE153001E4E9B /* GroussageTests.xctest */ = {isa = PBXFileReference; explicitFileType = wrapper.cfbundle; includeInIndex = 0; path = GroussageTests.xctest; sourceTree = BUILT_PRODUCTS_DIR; };
		2C4CB4D2190DE153001E4E9B /* XCTest.framework */ = {isa = PBXFileReference; lastKnownFileType = wrapper.framework; name = XCTest.framework; path = Library/Frameworks/XCTest.framework; sourceTree = DEVELOPER_DIR; };
		2C4CB4DA190DE153001E4E9B /* GroussageTests-Info.plist */ = {isa = PBXFileReference; lastKnownFileType = text.plist.xml; path = "GroussageTests-Info.plist"; sourceTree = "<group>"; };
		2C4CB4DC190DE153001E4E9B /* en */ = {isa = PBXFileReference; lastKnownFileType = text.plist.strings; name = en; path = en.lproj/InfoPlist.strings; sourceTree = "<group>"; };
		2C4CB4DE190DE153001E4E9B /* GroussageTests.m */ = {isa = PBXFileReference; lastKnownFileType = sourcecode.c.objc; path = GroussageTests.m; sourceTree = "<group>"; };
		2C4CB4E8190DE2C8001E4E9B /* GroupTableViewController.h */ = {isa = PBXFileReference; fileEncoding = 4; lastKnownFileType = sourcecode.c.h; path = GroupTableViewController.h; sourceTree = "<group>"; };
		2C4CB4E9190DE2C8001E4E9B /* GroupTableViewController.m */ = {isa = PBXFileReference; fileEncoding = 4; lastKnownFileType = sourcecode.c.objc; path = GroupTableViewController.m; sourceTree = "<group>"; };
		2C4CB4EB190DE30F001E4E9B /* GroupTableViewCell.h */ = {isa = PBXFileReference; fileEncoding = 4; lastKnownFileType = sourcecode.c.h; path = GroupTableViewCell.h; sourceTree = "<group>"; };
		2C4CB4EC190DE30F001E4E9B /* GroupTableViewCell.m */ = {isa = PBXFileReference; fileEncoding = 4; lastKnownFileType = sourcecode.c.objc; path = GroupTableViewCell.m; sourceTree = "<group>"; };
		2C4CB4F2190DEBFB001E4E9B /* GroupDetailViewController.h */ = {isa = PBXFileReference; fileEncoding = 4; lastKnownFileType = sourcecode.c.h; path = GroupDetailViewController.h; sourceTree = "<group>"; };
		2C4CB4F3190DEBFB001E4E9B /* GroupDetailViewController.m */ = {isa = PBXFileReference; fileEncoding = 4; lastKnownFileType = sourcecode.c.objc; path = GroupDetailViewController.m; sourceTree = "<group>"; };
		2C4CB4FB190DFF8C001E4E9B /* GroupAddViewController.h */ = {isa = PBXFileReference; fileEncoding = 4; lastKnownFileType = sourcecode.c.h; name = GroupAddViewController.h; path = ../GroupAddViewController.h; sourceTree = "<group>"; };
		2C4CB4FC190DFF8C001E4E9B /* GroupAddViewController.m */ = {isa = PBXFileReference; fileEncoding = 4; lastKnownFileType = sourcecode.c.objc; name = GroupAddViewController.m; path = ../GroupAddViewController.m; sourceTree = "<group>"; };
		2C50A6C3190F10BD00792253 /* GroupAdd.h */ = {isa = PBXFileReference; fileEncoding = 4; lastKnownFileType = sourcecode.c.h; path = GroupAdd.h; sourceTree = "<group>"; };
		2C50A6C4190F10BD00792253 /* GroupAdd.m */ = {isa = PBXFileReference; fileEncoding = 4; lastKnownFileType = sourcecode.c.objc; path = GroupAdd.m; sourceTree = "<group>"; };
		2C50A6C6190F2B2100792253 /* MobileCoreServices.framework */ = {isa = PBXFileReference; lastKnownFileType = wrapper.framework; name = MobileCoreServices.framework; path = System/Library/Frameworks/MobileCoreServices.framework; sourceTree = SDKROOT; };
		38B117681916D980003B7A81 /* AddressBook-Info.plist */ = {isa = PBXFileReference; fileEncoding = 4; lastKnownFileType = text.plist.xml; path = "AddressBook-Info.plist"; sourceTree = "<group>"; };
		38B117691916D980003B7A81 /* AddressBook-Prefix.pch */ = {isa = PBXFileReference; fileEncoding = 4; lastKnownFileType = sourcecode.c.h; path = "AddressBook-Prefix.pch"; sourceTree = "<group>"; };
		38B1176B1916D9A0003B7A81 /* MasterViewController.h */ = {isa = PBXFileReference; fileEncoding = 4; lastKnownFileType = sourcecode.c.h; path = MasterViewController.h; sourceTree = "<group>"; };
		38B1176C1916D9A0003B7A81 /* MasterViewController.m */ = {isa = PBXFileReference; fileEncoding = 4; lastKnownFileType = sourcecode.c.objc; path = MasterViewController.m; sourceTree = "<group>"; };
		38B1176E1916D9B1003B7A81 /* DetailViewController.h */ = {isa = PBXFileReference; fileEncoding = 4; lastKnownFileType = sourcecode.c.h; path = DetailViewController.h; sourceTree = "<group>"; };
		38B1176F1916D9B1003B7A81 /* DetailViewController.m */ = {isa = PBXFileReference; fileEncoding = 4; lastKnownFileType = sourcecode.c.objc; path = DetailViewController.m; sourceTree = "<group>"; };
/* End PBXFileReference section */

/* Begin PBXFrameworksBuildPhase section */
		2C4CB4AD190DE153001E4E9B /* Frameworks */ = {
			isa = PBXFrameworksBuildPhase;
			buildActionMask = 2147483647;
			files = (
				2C50A6C7190F2B2100792253 /* MobileCoreServices.framework in Frameworks */,
				2C4CB4B6190DE153001E4E9B /* CoreGraphics.framework in Frameworks */,
				2C4CB4B8190DE153001E4E9B /* UIKit.framework in Frameworks */,
				2C4CB4B4190DE153001E4E9B /* Foundation.framework in Frameworks */,
			);
			runOnlyForDeploymentPostprocessing = 0;
		};
		2C4CB4CE190DE153001E4E9B /* Frameworks */ = {
			isa = PBXFrameworksBuildPhase;
			buildActionMask = 2147483647;
			files = (
				2C4CB4D3190DE153001E4E9B /* XCTest.framework in Frameworks */,
				2C4CB4D5190DE153001E4E9B /* UIKit.framework in Frameworks */,
				2C4CB4D4190DE153001E4E9B /* Foundation.framework in Frameworks */,
			);
			runOnlyForDeploymentPostprocessing = 0;
		};
/* End PBXFrameworksBuildPhase section */

/* Begin PBXGroup section */
		2C4CB4A7190DE153001E4E9B = {
			isa = PBXGroup;
			children = (
				2C4CB4B9190DE153001E4E9B /* Groussage */,
				2C4CB4D8190DE153001E4E9B /* GroussageTests */,
				2C4CB4B2190DE153001E4E9B /* Frameworks */,
				2C4CB4B1190DE153001E4E9B /* Products */,
			);
			sourceTree = "<group>";
		};
		2C4CB4B1190DE153001E4E9B /* Products */ = {
			isa = PBXGroup;
			children = (
				2C4CB4B0190DE153001E4E9B /* Groussage.app */,
				2C4CB4D1190DE153001E4E9B /* GroussageTests.xctest */,
			);
			name = Products;
			sourceTree = "<group>";
		};
		2C4CB4B2190DE153001E4E9B /* Frameworks */ = {
			isa = PBXGroup;
			children = (
				2C50A6C6190F2B2100792253 /* MobileCoreServices.framework */,
				2C4CB4B3190DE153001E4E9B /* Foundation.framework */,
				2C4CB4B5190DE153001E4E9B /* CoreGraphics.framework */,
				2C4CB4B7190DE153001E4E9B /* UIKit.framework */,
				2C4CB4D2190DE153001E4E9B /* XCTest.framework */,
			);
			name = Frameworks;
			sourceTree = "<group>";
		};
		2C4CB4B9190DE153001E4E9B /* Groussage */ = {
			isa = PBXGroup;
			children = (
				38B116BA1916B4BA003B7A81 /* AddressBook */,
				2C4CB4C2190DE153001E4E9B /* AppDelegate.h */,
				2C4CB4C3190DE153001E4E9B /* AppDelegate.m */,
				2C4CB4C5190DE153001E4E9B /* Main.storyboard */,
				2C4CB4E8190DE2C8001E4E9B /* GroupTableViewController.h */,
				2C4CB4E9190DE2C8001E4E9B /* GroupTableViewController.m */,
				2C4CB4EB190DE30F001E4E9B /* GroupTableViewCell.h */,
				2C4CB4EC190DE30F001E4E9B /* GroupTableViewCell.m */,
				2C4CB4F2190DEBFB001E4E9B /* GroupDetailViewController.h */,
				2C4CB4F3190DEBFB001E4E9B /* GroupDetailViewController.m */,
				2C4CB4FB190DFF8C001E4E9B /* GroupAddViewController.h */,
				2C4CB4FC190DFF8C001E4E9B /* GroupAddViewController.m */,
				2C50A6C3190F10BD00792253 /* GroupAdd.h */,
				2C50A6C4190F10BD00792253 /* GroupAdd.m */,
				2C4CB4CB190DE153001E4E9B /* Images.xcassets */,
				2C4CB4BA190DE153001E4E9B /* Supporting Files */,
			);
			path = Groussage;
			sourceTree = "<group>";
		};
		2C4CB4BA190DE153001E4E9B /* Supporting Files */ = {
			isa = PBXGroup;
			children = (
				2C4CB4BB190DE153001E4E9B /* Groussage-Info.plist */,
				2C4CB4BC190DE153001E4E9B /* InfoPlist.strings */,
				2C4CB4BF190DE153001E4E9B /* main.m */,
				2C4CB4C1190DE153001E4E9B /* Groussage-Prefix.pch */,
			);
			name = "Supporting Files";
			sourceTree = "<group>";
		};
		2C4CB4D8190DE153001E4E9B /* GroussageTests */ = {
			isa = PBXGroup;
			children = (
				2C4CB4DE190DE153001E4E9B /* GroussageTests.m */,
				2C4CB4D9190DE153001E4E9B /* Supporting Files */,
			);
			path = GroussageTests;
			sourceTree = "<group>";
		};
		2C4CB4D9190DE153001E4E9B /* Supporting Files */ = {
			isa = PBXGroup;
			children = (
				2C4CB4DA190DE153001E4E9B /* GroussageTests-Info.plist */,
				2C4CB4DB190DE153001E4E9B /* InfoPlist.strings */,
			);
			name = "Supporting Files";
			sourceTree = "<group>";
		};
		38B116BA1916B4BA003B7A81 /* AddressBook */ = {
			isa = PBXGroup;
			children = (
				38B1176E1916D9B1003B7A81 /* DetailViewController.h */,
				38B1176F1916D9B1003B7A81 /* DetailViewController.m */,
				38B1176B1916D9A0003B7A81 /* MasterViewController.h */,
				38B1176C1916D9A0003B7A81 /* MasterViewController.m */,
				38B117681916D980003B7A81 /* AddressBook-Info.plist */,
				38B117691916D980003B7A81 /* AddressBook-Prefix.pch */,
			);
			name = AddressBook;
			path = ../../AddressBook/AddressBook;
			sourceTree = "<group>";
		};
/* End PBXGroup section */

/* Begin PBXNativeTarget section */
		2C4CB4AF190DE153001E4E9B /* Groussage */ = {
			isa = PBXNativeTarget;
			buildConfigurationList = 2C4CB4E2190DE153001E4E9B /* Build configuration list for PBXNativeTarget "Groussage" */;
			buildPhases = (
				2C4CB4AC190DE153001E4E9B /* Sources */,
				2C4CB4AD190DE153001E4E9B /* Frameworks */,
				2C4CB4AE190DE153001E4E9B /* Resources */,
			);
			buildRules = (
			);
			dependencies = (
			);
			name = Groussage;
			productName = Groussage;
			productReference = 2C4CB4B0190DE153001E4E9B /* Groussage.app */;
			productType = "com.apple.product-type.application";
		};
		2C4CB4D0190DE153001E4E9B /* GroussageTests */ = {
			isa = PBXNativeTarget;
			buildConfigurationList = 2C4CB4E5190DE153001E4E9B /* Build configuration list for PBXNativeTarget "GroussageTests" */;
			buildPhases = (
				2C4CB4CD190DE153001E4E9B /* Sources */,
				2C4CB4CE190DE153001E4E9B /* Frameworks */,
				2C4CB4CF190DE153001E4E9B /* Resources */,
			);
			buildRules = (
			);
			dependencies = (
				2C4CB4D7190DE153001E4E9B /* PBXTargetDependency */,
			);
			name = GroussageTests;
			productName = GroussageTests;
			productReference = 2C4CB4D1190DE153001E4E9B /* GroussageTests.xctest */;
			productType = "com.apple.product-type.bundle.unit-test";
		};
/* End PBXNativeTarget section */

/* Begin PBXProject section */
		2C4CB4A8190DE153001E4E9B /* Project object */ = {
			isa = PBXProject;
			attributes = {
				LastUpgradeCheck = 0510;
				ORGANIZATIONNAME = Groussage;
				TargetAttributes = {
					2C4CB4D0190DE153001E4E9B = {
						TestTargetID = 2C4CB4AF190DE153001E4E9B;
					};
				};
			};
			buildConfigurationList = 2C4CB4AB190DE153001E4E9B /* Build configuration list for PBXProject "Groussage" */;
			compatibilityVersion = "Xcode 3.2";
			developmentRegion = English;
			hasScannedForEncodings = 0;
			knownRegions = (
				en,
				Base,
			);
			mainGroup = 2C4CB4A7190DE153001E4E9B;
			productRefGroup = 2C4CB4B1190DE153001E4E9B /* Products */;
			projectDirPath = "";
			projectRoot = "";
			targets = (
				2C4CB4AF190DE153001E4E9B /* Groussage */,
				2C4CB4D0190DE153001E4E9B /* GroussageTests */,
			);
		};
/* End PBXProject section */

/* Begin PBXResourcesBuildPhase section */
		2C4CB4AE190DE153001E4E9B /* Resources */ = {
			isa = PBXResourcesBuildPhase;
			buildActionMask = 2147483647;
			files = (
				2C4CB4CC190DE153001E4E9B /* Images.xcassets in Resources */,
				2C4CB4BE190DE153001E4E9B /* InfoPlist.strings in Resources */,
				38B1176A1916D980003B7A81 /* AddressBook-Info.plist in Resources */,
				2C4CB4C7190DE153001E4E9B /* Main.storyboard in Resources */,
			);
			runOnlyForDeploymentPostprocessing = 0;
		};
		2C4CB4CF190DE153001E4E9B /* Resources */ = {
			isa = PBXResourcesBuildPhase;
			buildActionMask = 2147483647;
			files = (
				2C4CB4DD190DE153001E4E9B /* InfoPlist.strings in Resources */,
			);
			runOnlyForDeploymentPostprocessing = 0;
		};
/* End PBXResourcesBuildPhase section */

/* Begin PBXSourcesBuildPhase section */
		2C4CB4AC190DE153001E4E9B /* Sources */ = {
			isa = PBXSourcesBuildPhase;
			buildActionMask = 2147483647;
			files = (
				2C4CB4C4190DE153001E4E9B /* AppDelegate.m in Sources */,
				2C50A6C5190F10BD00792253 /* GroupAdd.m in Sources */,
				38B117701916D9B1003B7A81 /* DetailViewController.m in Sources */,
				2C4CB4C0190DE153001E4E9B /* main.m in Sources */,
				2C4CB4FD190DFF8C001E4E9B /* GroupAddViewController.m in Sources */,
				38B1176D1916D9A0003B7A81 /* MasterViewController.m in Sources */,
				2C4CB4F4190DEBFB001E4E9B /* GroupDetailViewController.m in Sources */,
				2C4CB4EA190DE2C8001E4E9B /* GroupTableViewController.m in Sources */,
				2C4CB4ED190DE30F001E4E9B /* GroupTableViewCell.m in Sources */,
			);
			runOnlyForDeploymentPostprocessing = 0;
		};
		2C4CB4CD190DE153001E4E9B /* Sources */ = {
			isa = PBXSourcesBuildPhase;
			buildActionMask = 2147483647;
			files = (
				2C4CB4DF190DE153001E4E9B /* GroussageTests.m in Sources */,
			);
			runOnlyForDeploymentPostprocessing = 0;
		};
/* End PBXSourcesBuildPhase section */

/* Begin PBXTargetDependency section */
		2C4CB4D7190DE153001E4E9B /* PBXTargetDependency */ = {
			isa = PBXTargetDependency;
			target = 2C4CB4AF190DE153001E4E9B /* Groussage */;
			targetProxy = 2C4CB4D6190DE153001E4E9B /* PBXContainerItemProxy */;
		};
/* End PBXTargetDependency section */

/* Begin PBXVariantGroup section */
		2C4CB4BC190DE153001E4E9B /* InfoPlist.strings */ = {
			isa = PBXVariantGroup;
			children = (
				2C4CB4BD190DE153001E4E9B /* en */,
			);
			name = InfoPlist.strings;
			sourceTree = "<group>";
		};
		2C4CB4C5190DE153001E4E9B /* Main.storyboard */ = {
			isa = PBXVariantGroup;
			children = (
				2C4CB4C6190DE153001E4E9B /* Base */,
			);
			name = Main.storyboard;
			sourceTree = "<group>";
		};
		2C4CB4DB190DE153001E4E9B /* InfoPlist.strings */ = {
			isa = PBXVariantGroup;
			children = (
				2C4CB4DC190DE153001E4E9B /* en */,
			);
			name = InfoPlist.strings;
			sourceTree = "<group>";
		};
/* End PBXVariantGroup section */

/* Begin XCBuildConfiguration section */
		2C4CB4E0190DE153001E4E9B /* Debug */ = {
			isa = XCBuildConfiguration;
			buildSettings = {
				ALWAYS_SEARCH_USER_PATHS = NO;
				CLANG_CXX_LANGUAGE_STANDARD = "gnu++0x";
				CLANG_CXX_LIBRARY = "libc++";
				CLANG_ENABLE_MODULES = YES;
				CLANG_ENABLE_OBJC_ARC = YES;
				CLANG_WARN_BOOL_CONVERSION = YES;
				CLANG_WARN_CONSTANT_CONVERSION = YES;
				CLANG_WARN_DIRECT_OBJC_ISA_USAGE = YES_ERROR;
				CLANG_WARN_EMPTY_BODY = YES;
				CLANG_WARN_ENUM_CONVERSION = YES;
				CLANG_WARN_INT_CONVERSION = YES;
				CLANG_WARN_OBJC_ROOT_CLASS = YES_ERROR;
				CLANG_WARN__DUPLICATE_METHOD_MATCH = YES;
				"CODE_SIGN_IDENTITY[sdk=iphoneos*]" = "iPhone Developer";
				COPY_PHASE_STRIP = NO;
				GCC_C_LANGUAGE_STANDARD = gnu99;
				GCC_DYNAMIC_NO_PIC = NO;
				GCC_OPTIMIZATION_LEVEL = 0;
				GCC_PREPROCESSOR_DEFINITIONS = (
					"DEBUG=1",
					"$(inherited)",
				);
				GCC_SYMBOLS_PRIVATE_EXTERN = NO;
				GCC_WARN_64_TO_32_BIT_CONVERSION = YES;
				GCC_WARN_ABOUT_RETURN_TYPE = YES_ERROR;
				GCC_WARN_UNDECLARED_SELECTOR = YES;
				GCC_WARN_UNINITIALIZED_AUTOS = YES_AGGRESSIVE;
				GCC_WARN_UNUSED_FUNCTION = YES;
				GCC_WARN_UNUSED_VARIABLE = YES;
				IPHONEOS_DEPLOYMENT_TARGET = 7.1;
				ONLY_ACTIVE_ARCH = YES;
				SDKROOT = iphoneos;
			};
			name = Debug;
		};
		2C4CB4E1190DE153001E4E9B /* Release */ = {
			isa = XCBuildConfiguration;
			buildSettings = {
				ALWAYS_SEARCH_USER_PATHS = NO;
				CLANG_CXX_LANGUAGE_STANDARD = "gnu++0x";
				CLANG_CXX_LIBRARY = "libc++";
				CLANG_ENABLE_MODULES = YES;
				CLANG_ENABLE_OBJC_ARC = YES;
				CLANG_WARN_BOOL_CONVERSION = YES;
				CLANG_WARN_CONSTANT_CONVERSION = YES;
				CLANG_WARN_DIRECT_OBJC_ISA_USAGE = YES_ERROR;
				CLANG_WARN_EMPTY_BODY = YES;
				CLANG_WARN_ENUM_CONVERSION = YES;
				CLANG_WARN_INT_CONVERSION = YES;
				CLANG_WARN_OBJC_ROOT_CLASS = YES_ERROR;
				CLANG_WARN__DUPLICATE_METHOD_MATCH = YES;
				"CODE_SIGN_IDENTITY[sdk=iphoneos*]" = "iPhone Developer";
				COPY_PHASE_STRIP = YES;
				ENABLE_NS_ASSERTIONS = NO;
				GCC_C_LANGUAGE_STANDARD = gnu99;
				GCC_WARN_64_TO_32_BIT_CONVERSION = YES;
				GCC_WARN_ABOUT_RETURN_TYPE = YES_ERROR;
				GCC_WARN_UNDECLARED_SELECTOR = YES;
				GCC_WARN_UNINITIALIZED_AUTOS = YES_AGGRESSIVE;
				GCC_WARN_UNUSED_FUNCTION = YES;
				GCC_WARN_UNUSED_VARIABLE = YES;
				IPHONEOS_DEPLOYMENT_TARGET = 7.1;
				SDKROOT = iphoneos;
				VALIDATE_PRODUCT = YES;
			};
			name = Release;
		};
		2C4CB4E3190DE153001E4E9B /* Debug */ = {
			isa = XCBuildConfiguration;
			buildSettings = {
				ASSETCATALOG_COMPILER_APPICON_NAME = AppIcon;
				ASSETCATALOG_COMPILER_LAUNCHIMAGE_NAME = LaunchImage;
				GCC_PRECOMPILE_PREFIX_HEADER = YES;
				GCC_PREFIX_HEADER = "Groussage/Groussage-Prefix.pch";
				INFOPLIST_FILE = "Groussage/Groussage-Info.plist";
				PRODUCT_NAME = "$(TARGET_NAME)";
				WRAPPER_EXTENSION = app;
			};
			name = Debug;
		};
		2C4CB4E4190DE153001E4E9B /* Release */ = {
			isa = XCBuildConfiguration;
			buildSettings = {
				ASSETCATALOG_COMPILER_APPICON_NAME = AppIcon;
				ASSETCATALOG_COMPILER_LAUNCHIMAGE_NAME = LaunchImage;
				GCC_PRECOMPILE_PREFIX_HEADER = YES;
				GCC_PREFIX_HEADER = "Groussage/Groussage-Prefix.pch";
				INFOPLIST_FILE = "Groussage/Groussage-Info.plist";
				PRODUCT_NAME = "$(TARGET_NAME)";
				WRAPPER_EXTENSION = app;
			};
			name = Release;
		};
		2C4CB4E6190DE153001E4E9B /* Debug */ = {
			isa = XCBuildConfiguration;
			buildSettings = {
				BUNDLE_LOADER = "$(BUILT_PRODUCTS_DIR)/Groussage.app/Groussage";
				FRAMEWORK_SEARCH_PATHS = (
					"$(SDKROOT)/Developer/Library/Frameworks",
					"$(inherited)",
					"$(DEVELOPER_FRAMEWORKS_DIR)",
				);
				GCC_PRECOMPILE_PREFIX_HEADER = YES;
				GCC_PREFIX_HEADER = "Groussage/Groussage-Prefix.pch";
				GCC_PREPROCESSOR_DEFINITIONS = (
					"DEBUG=1",
					"$(inherited)",
				);
				INFOPLIST_FILE = "GroussageTests/GroussageTests-Info.plist";
				PRODUCT_NAME = "$(TARGET_NAME)";
				TEST_HOST = "$(BUNDLE_LOADER)";
				WRAPPER_EXTENSION = xctest;
			};
			name = Debug;
		};
		2C4CB4E7190DE153001E4E9B /* Release */ = {
			isa = XCBuildConfiguration;
			buildSettings = {
				BUNDLE_LOADER = "$(BUILT_PRODUCTS_DIR)/Groussage.app/Groussage";
				FRAMEWORK_SEARCH_PATHS = (
					"$(SDKROOT)/Developer/Library/Frameworks",
					"$(inherited)",
					"$(DEVELOPER_FRAMEWORKS_DIR)",
				);
				GCC_PRECOMPILE_PREFIX_HEADER = YES;
				GCC_PREFIX_HEADER = "Groussage/Groussage-Prefix.pch";
				INFOPLIST_FILE = "GroussageTests/GroussageTests-Info.plist";
				PRODUCT_NAME = "$(TARGET_NAME)";
				TEST_HOST = "$(BUNDLE_LOADER)";
				WRAPPER_EXTENSION = xctest;
			};
			name = Release;
		};
/* End XCBuildConfiguration section */

/* Begin XCConfigurationList section */
		2C4CB4AB190DE153001E4E9B /* Build configuration list for PBXProject "Groussage" */ = {
			isa = XCConfigurationList;
			buildConfigurations = (
				2C4CB4E0190DE153001E4E9B /* Debug */,
				2C4CB4E1190DE153001E4E9B /* Release */,
			);
			defaultConfigurationIsVisible = 0;
			defaultConfigurationName = Release;
		};
		2C4CB4E2190DE153001E4E9B /* Build configuration list for PBXNativeTarget "Groussage" */ = {
			isa = XCConfigurationList;
			buildConfigurations = (
				2C4CB4E3190DE153001E4E9B /* Debug */,
				2C4CB4E4190DE153001E4E9B /* Release */,
			);
			defaultConfigurationIsVisible = 0;
			defaultConfigurationName = Release;
		};
		2C4CB4E5190DE153001E4E9B /* Build configuration list for PBXNativeTarget "GroussageTests" */ = {
			isa = XCConfigurationList;
			buildConfigurations = (
				2C4CB4E6190DE153001E4E9B /* Debug */,
				2C4CB4E7190DE153001E4E9B /* Release */,
			);
			defaultConfigurationIsVisible = 0;
			defaultConfigurationName = Release;
		};
/* End XCConfigurationList section */
	};
	rootObject = 2C4CB4A8190DE153001E4E9B /* Project object */;
}
